
Microsoft Visual Studio Solution File, Format Version 12.00
# Visual Studio Version 17
VisualStudioVersion = 17.9.34728.123
MinimumVisualStudioVersion = 10.0.40219.1
Project("{9A19103F-16F7-4668-BE54-9A1E7A4F7556}") = "SonEcommerce.Domain", "src\SonEcommerce.Domain\SonEcommerce.Domain.csproj", "{554AD327-6DBA-4F8F-96F8-81CE7A0C863F}"
EndProject
Project("{9A19103F-16F7-4668-BE54-9A1E7A4F7556}") = "SonEcommerce.Application", "src\SonEcommerce.Application\SonEcommerce.Application.csproj", "{1A94A50E-06DC-43C1-80B5-B662820EC3EB}"
EndProject
Project("{9A19103F-16F7-4668-BE54-9A1E7A4F7556}") = "SonEcommerce.EntityFrameworkCore", "src\SonEcommerce.EntityFrameworkCore\SonEcommerce.EntityFrameworkCore.csproj", "{C956DD76-69C8-4A9C-83EA-D17DF83340FD}"
EndProject
Project("{2150E333-8FDC-42A3-9474-1A3956D46DE8}") = "src", "src", "{CA9AC87F-097E-4F15-8393-4BC07735A5B0}"
EndProject
Project("{2150E333-8FDC-42A3-9474-1A3956D46DE8}") = "test", "test", "{04DBDB01-70F4-4E06-B468-8F87850B22BE}"
EndProject
Project("{9A19103F-16F7-4668-BE54-9A1E7A4F7556}") = "SonEcommerce.Application.Tests", "test\SonEcommerce.Application.Tests\SonEcommerce.Application.Tests.csproj", "{50B2631D-129C-47B3-A587-029CCD6099BC}"
EndProject
Project("{9A19103F-16F7-4668-BE54-9A1E7A4F7556}") = "SonEcommerce.Domain.Shared", "src\SonEcommerce.Domain.Shared\SonEcommerce.Domain.Shared.csproj", "{42F719ED-8413-4895-B5B4-5AB56079BC66}"
EndProject
Project("{9A19103F-16F7-4668-BE54-9A1E7A4F7556}") = "SonEcommerce.Application.Contracts", "src\SonEcommerce.Application.Contracts\SonEcommerce.Application.Contracts.csproj", "{520659C8-C734-4298-A3DA-B539DB9DFC0B}"
EndProject
Project("{9A19103F-16F7-4668-BE54-9A1E7A4F7556}") = "SonEcommerce.HttpApi", "src\SonEcommerce.HttpApi\SonEcommerce.HttpApi.csproj", "{4164BDF7-F527-4E85-9CE6-E3C2D7426A27}"
EndProject
Project("{9A19103F-16F7-4668-BE54-9A1E7A4F7556}") = "SonEcommerce.HttpApi.Client", "src\SonEcommerce.HttpApi.Client\SonEcommerce.HttpApi.Client.csproj", "{3B5A0094-670D-4BB1-BFDD-61B88A8773DC}"
EndProject
Project("{9A19103F-16F7-4668-BE54-9A1E7A4F7556}") = "SonEcommerce.AuthServer", "src\SonEcommerce.AuthServer\SonEcommerce.AuthServer.csproj", "{073C361E-B8F4-49F5-93CC-72A3FF49C026}"
EndProject
Project("{9A19103F-16F7-4668-BE54-9A1E7A4F7556}") = "SonEcommerce.HttpApi.Host", "src\SonEcommerce.HttpApi.Host\SonEcommerce.HttpApi.Host.csproj", "{E6D5BF0E-DE92-4D82-A352-EF04B37CB11C}"
EndProject
Project("{9A19103F-16F7-4668-BE54-9A1E7A4F7556}") = "SonEcommerce.EntityFrameworkCore.Tests", "test\SonEcommerce.EntityFrameworkCore.Tests\SonEcommerce.EntityFrameworkCore.Tests.csproj", "{1FE30EB9-74A9-47F5-A9F6-7B1FAB672D81}"
EndProject
Project("{9A19103F-16F7-4668-BE54-9A1E7A4F7556}") = "SonEcommerce.TestBase", "test\SonEcommerce.TestBase\SonEcommerce.TestBase.csproj", "{91853F21-9CD9-4132-BC29-A7D5D84FFFE7}"
EndProject
Project("{9A19103F-16F7-4668-BE54-9A1E7A4F7556}") = "SonEcommerce.Domain.Tests", "test\SonEcommerce.Domain.Tests\SonEcommerce.Domain.Tests.csproj", "{E512F4D9-9375-480F-A2F6-A46509F9D824}"
EndProject
Project("{9A19103F-16F7-4668-BE54-9A1E7A4F7556}") = "SonEcommerce.HttpApi.Client.ConsoleTestApp", "test\SonEcommerce.HttpApi.Client.ConsoleTestApp\SonEcommerce.HttpApi.Client.ConsoleTestApp.csproj", "{EF480016-9127-4916-8735-D2466BDBC582}"
EndProject
Project("{9A19103F-16F7-4668-BE54-9A1E7A4F7556}") = "SonEcommerce.DbMigrator", "src\SonEcommerce.DbMigrator\SonEcommerce.DbMigrator.csproj", "{AA94D832-1CCC-4715-95A9-A483F23A1A5D}"
EndProject
Project("{2150E333-8FDC-42A3-9474-1A3956D46DE8}") = "Admin", "Admin", "{3FDB5176-5411-4894-8FD6-0D88AE3B6054}"
EndProject
Project("{2150E333-8FDC-42A3-9474-1A3956D46DE8}") = "Common", "Common", "{4600106F-8BC9-4775-A49F-CC3A9A474A38}"
EndProject
Project("{2150E333-8FDC-42A3-9474-1A3956D46DE8}") = "Domain", "Domain", "{EC451020-C7E0-44F1-93A0-9E95F3CE8701}"
EndProject
Project("{2150E333-8FDC-42A3-9474-1A3956D46DE8}") = "Infrastructure", "Infrastructure", "{4A38D412-1161-4AE1-A77E-633E071E6E66}"
EndProject
Project("{2150E333-8FDC-42A3-9474-1A3956D46DE8}") = "Auth", "Auth", "{9672976F-0DE4-4925-8253-ED765E1D6D68}"
EndProject
Project("{2150E333-8FDC-42A3-9474-1A3956D46DE8}") = "Public", "Public", "{6D8D566B-FB02-465B-B4DF-D4560F4B13EA}"
EndProject
Project("{9A19103F-16F7-4668-BE54-9A1E7A4F7556}") = "SonEcommerce.Admin.Application", "src\SonEcommerce.Admin.Application\SonEcommerce.Admin.Application.csproj", "{1E55B7D5-EB5E-401D-87B0-830C87DE2E5B}"
EndProject
Project("{9A19103F-16F7-4668-BE54-9A1E7A4F7556}") = "SonEcommerce.Admin.Application.Contracts", "src\SonEcommerce.Admin.Application.Contracts\SonEcommerce.Admin.Application.Contracts.csproj", "{E2F06B5F-E063-46B2-B3A0-79C1856CEEB7}"
EndProject
Project("{9A19103F-16F7-4668-BE54-9A1E7A4F7556}") = "SonEcommerce.Admin.HttpApi", "src\SonEcommerce.Admin.HttpApi\SonEcommerce.Admin.HttpApi.csproj", "{EE7C7F0A-BC35-49AE-8749-AB343CB0A79A}"
EndProject
Project("{9A19103F-16F7-4668-BE54-9A1E7A4F7556}") = "SonEcommerce.Admin.HttpApi.Client", "src\SonEcommerce.Admin.HttpApi.Client\SonEcommerce.Admin.HttpApi.Client.csproj", "{71097FBD-7941-434A-923C-485290A7F429}"
EndProject
Project("{9A19103F-16F7-4668-BE54-9A1E7A4F7556}") = "SonEcommerce.Admin.HttpApi.Host", "src\SonEcommerce.Admin.HttpApi.Host\SonEcommerce.Admin.HttpApi.Host.csproj", "{73BDD71D-9BB1-4AAF-BEC1-9DF11AB61ED8}"
EndProject
Project("{2150E333-8FDC-42A3-9474-1A3956D46DE8}") = "Public", "Public", "{7CBEFA50-7913-418B-B3CE-FF27453E49CD}"
EndProject
Project("{2150E333-8FDC-42A3-9474-1A3956D46DE8}") = "Admin", "Admin", "{9E320A15-080A-4DDD-AF4C-CE03B1BBB7B2}"
EndProject
Project("{9A19103F-16F7-4668-BE54-9A1E7A4F7556}") = "SonEcommerce.Admin.Application.Tests", "test\SonEcommerce.Admin.Application.Tests\SonEcommerce.Admin.Application.Tests.csproj", "{5994F39D-92E7-4FE7-8238-0CEAEDD222C1}"
EndProject
Project("{9A19103F-16F7-4668-BE54-9A1E7A4F7556}") = "SonEcommerce.Admin.HttpApi.Client.ConsoleTestApp", "test\SonEcommerce.Admin.HttpApi.Client.ConsoleTestApp\SonEcommerce.Admin.HttpApi.Client.ConsoleTestApp.csproj", "{856C4E2D-DBD6-4425-ADF3-C9B7AC1B265C}"
EndProject
Project("{2150E333-8FDC-42A3-9474-1A3956D46DE8}") = "Shared", "Shared", "{50309562-1230-46E2-B6AC-E439D3AB5FE6}"
EndProject
Global
	GlobalSection(SolutionConfigurationPlatforms) = preSolution
		Debug|Any CPU = Debug|Any CPU
		Release|Any CPU = Release|Any CPU
	EndGlobalSection
	GlobalSection(ProjectConfigurationPlatforms) = postSolution
		{554AD327-6DBA-4F8F-96F8-81CE7A0C863F}.Debug|Any CPU.ActiveCfg = Debug|Any CPU
		{554AD327-6DBA-4F8F-96F8-81CE7A0C863F}.Debug|Any CPU.Build.0 = Debug|Any CPU
		{554AD327-6DBA-4F8F-96F8-81CE7A0C863F}.Release|Any CPU.ActiveCfg = Release|Any CPU
		{554AD327-6DBA-4F8F-96F8-81CE7A0C863F}.Release|Any CPU.Build.0 = Release|Any CPU
		{1A94A50E-06DC-43C1-80B5-B662820EC3EB}.Debug|Any CPU.ActiveCfg = Debug|Any CPU
		{1A94A50E-06DC-43C1-80B5-B662820EC3EB}.Debug|Any CPU.Build.0 = Debug|Any CPU
		{1A94A50E-06DC-43C1-80B5-B662820EC3EB}.Release|Any CPU.ActiveCfg = Release|Any CPU
		{1A94A50E-06DC-43C1-80B5-B662820EC3EB}.Release|Any CPU.Build.0 = Release|Any CPU
		{C956DD76-69C8-4A9C-83EA-D17DF83340FD}.Debug|Any CPU.ActiveCfg = Debug|Any CPU
		{C956DD76-69C8-4A9C-83EA-D17DF83340FD}.Debug|Any CPU.Build.0 = Debug|Any CPU
		{C956DD76-69C8-4A9C-83EA-D17DF83340FD}.Release|Any CPU.ActiveCfg = Release|Any CPU
		{C956DD76-69C8-4A9C-83EA-D17DF83340FD}.Release|Any CPU.Build.0 = Release|Any CPU
		{50B2631D-129C-47B3-A587-029CCD6099BC}.Debug|Any CPU.ActiveCfg = Debug|Any CPU
		{50B2631D-129C-47B3-A587-029CCD6099BC}.Debug|Any CPU.Build.0 = Debug|Any CPU
		{50B2631D-129C-47B3-A587-029CCD6099BC}.Release|Any CPU.ActiveCfg = Release|Any CPU
		{50B2631D-129C-47B3-A587-029CCD6099BC}.Release|Any CPU.Build.0 = Release|Any CPU
		{42F719ED-8413-4895-B5B4-5AB56079BC66}.Debug|Any CPU.ActiveCfg = Debug|Any CPU
		{42F719ED-8413-4895-B5B4-5AB56079BC66}.Debug|Any CPU.Build.0 = Debug|Any CPU
		{42F719ED-8413-4895-B5B4-5AB56079BC66}.Release|Any CPU.ActiveCfg = Release|Any CPU
		{42F719ED-8413-4895-B5B4-5AB56079BC66}.Release|Any CPU.Build.0 = Release|Any CPU
		{520659C8-C734-4298-A3DA-B539DB9DFC0B}.Debug|Any CPU.ActiveCfg = Debug|Any CPU
		{520659C8-C734-4298-A3DA-B539DB9DFC0B}.Debug|Any CPU.Build.0 = Debug|Any CPU
		{520659C8-C734-4298-A3DA-B539DB9DFC0B}.Release|Any CPU.ActiveCfg = Release|Any CPU
		{520659C8-C734-4298-A3DA-B539DB9DFC0B}.Release|Any CPU.Build.0 = Release|Any CPU
		{4164BDF7-F527-4E85-9CE6-E3C2D7426A27}.Debug|Any CPU.ActiveCfg = Debug|Any CPU
		{4164BDF7-F527-4E85-9CE6-E3C2D7426A27}.Debug|Any CPU.Build.0 = Debug|Any CPU
		{4164BDF7-F527-4E85-9CE6-E3C2D7426A27}.Release|Any CPU.ActiveCfg = Release|Any CPU
		{4164BDF7-F527-4E85-9CE6-E3C2D7426A27}.Release|Any CPU.Build.0 = Release|Any CPU
		{3B5A0094-670D-4BB1-BFDD-61B88A8773DC}.Debug|Any CPU.ActiveCfg = Debug|Any CPU
		{3B5A0094-670D-4BB1-BFDD-61B88A8773DC}.Debug|Any CPU.Build.0 = Debug|Any CPU
		{3B5A0094-670D-4BB1-BFDD-61B88A8773DC}.Release|Any CPU.ActiveCfg = Release|Any CPU
		{3B5A0094-670D-4BB1-BFDD-61B88A8773DC}.Release|Any CPU.Build.0 = Release|Any CPU
		{073C361E-B8F4-49F5-93CC-72A3FF49C026}.Debug|Any CPU.ActiveCfg = Debug|Any CPU
		{073C361E-B8F4-49F5-93CC-72A3FF49C026}.Debug|Any CPU.Build.0 = Debug|Any CPU
		{073C361E-B8F4-49F5-93CC-72A3FF49C026}.Release|Any CPU.ActiveCfg = Release|Any CPU
		{073C361E-B8F4-49F5-93CC-72A3FF49C026}.Release|Any CPU.Build.0 = Release|Any CPU
		{E6D5BF0E-DE92-4D82-A352-EF04B37CB11C}.Debug|Any CPU.ActiveCfg = Debug|Any CPU
		{E6D5BF0E-DE92-4D82-A352-EF04B37CB11C}.Debug|Any CPU.Build.0 = Debug|Any CPU
		{E6D5BF0E-DE92-4D82-A352-EF04B37CB11C}.Release|Any CPU.ActiveCfg = Release|Any CPU
		{E6D5BF0E-DE92-4D82-A352-EF04B37CB11C}.Release|Any CPU.Build.0 = Release|Any CPU
		{1FE30EB9-74A9-47F5-A9F6-7B1FAB672D81}.Debug|Any CPU.ActiveCfg = Debug|Any CPU
		{1FE30EB9-74A9-47F5-A9F6-7B1FAB672D81}.Debug|Any CPU.Build.0 = Debug|Any CPU
		{1FE30EB9-74A9-47F5-A9F6-7B1FAB672D81}.Release|Any CPU.ActiveCfg = Release|Any CPU
		{1FE30EB9-74A9-47F5-A9F6-7B1FAB672D81}.Release|Any CPU.Build.0 = Release|Any CPU
		{91853F21-9CD9-4132-BC29-A7D5D84FFFE7}.Debug|Any CPU.ActiveCfg = Debug|Any CPU
		{91853F21-9CD9-4132-BC29-A7D5D84FFFE7}.Debug|Any CPU.Build.0 = Debug|Any CPU
		{91853F21-9CD9-4132-BC29-A7D5D84FFFE7}.Release|Any CPU.ActiveCfg = Release|Any CPU
		{91853F21-9CD9-4132-BC29-A7D5D84FFFE7}.Release|Any CPU.Build.0 = Release|Any CPU
		{E512F4D9-9375-480F-A2F6-A46509F9D824}.Debug|Any CPU.ActiveCfg = Debug|Any CPU
		{E512F4D9-9375-480F-A2F6-A46509F9D824}.Debug|Any CPU.Build.0 = Debug|Any CPU
		{E512F4D9-9375-480F-A2F6-A46509F9D824}.Release|Any CPU.ActiveCfg = Release|Any CPU
		{E512F4D9-9375-480F-A2F6-A46509F9D824}.Release|Any CPU.Build.0 = Release|Any CPU
		{EF480016-9127-4916-8735-D2466BDBC582}.Debug|Any CPU.ActiveCfg = Debug|Any CPU
		{EF480016-9127-4916-8735-D2466BDBC582}.Debug|Any CPU.Build.0 = Debug|Any CPU
		{EF480016-9127-4916-8735-D2466BDBC582}.Release|Any CPU.ActiveCfg = Release|Any CPU
		{EF480016-9127-4916-8735-D2466BDBC582}.Release|Any CPU.Build.0 = Release|Any CPU
		{AA94D832-1CCC-4715-95A9-A483F23A1A5D}.Debug|Any CPU.ActiveCfg = Debug|Any CPU
		{AA94D832-1CCC-4715-95A9-A483F23A1A5D}.Debug|Any CPU.Build.0 = Debug|Any CPU
		{AA94D832-1CCC-4715-95A9-A483F23A1A5D}.Release|Any CPU.ActiveCfg = Release|Any CPU
		{AA94D832-1CCC-4715-95A9-A483F23A1A5D}.Release|Any CPU.Build.0 = Release|Any CPU
		{1E55B7D5-EB5E-401D-87B0-830C87DE2E5B}.Debug|Any CPU.ActiveCfg = Debug|Any CPU
		{1E55B7D5-EB5E-401D-87B0-830C87DE2E5B}.Debug|Any CPU.Build.0 = Debug|Any CPU
		{1E55B7D5-EB5E-401D-87B0-830C87DE2E5B}.Release|Any CPU.ActiveCfg = Release|Any CPU
		{1E55B7D5-EB5E-401D-87B0-830C87DE2E5B}.Release|Any CPU.Build.0 = Release|Any CPU
		{E2F06B5F-E063-46B2-B3A0-79C1856CEEB7}.Debug|Any CPU.ActiveCfg = Debug|Any CPU
		{E2F06B5F-E063-46B2-B3A0-79C1856CEEB7}.Debug|Any CPU.Build.0 = Debug|Any CPU
		{E2F06B5F-E063-46B2-B3A0-79C1856CEEB7}.Release|Any CPU.ActiveCfg = Release|Any CPU
		{E2F06B5F-E063-46B2-B3A0-79C1856CEEB7}.Release|Any CPU.Build.0 = Release|Any CPU
		{EE7C7F0A-BC35-49AE-8749-AB343CB0A79A}.Debug|Any CPU.ActiveCfg = Debug|Any CPU
		{EE7C7F0A-BC35-49AE-8749-AB343CB0A79A}.Debug|Any CPU.Build.0 = Debug|Any CPU
		{EE7C7F0A-BC35-49AE-8749-AB343CB0A79A}.Release|Any CPU.ActiveCfg = Release|Any CPU
		{EE7C7F0A-BC35-49AE-8749-AB343CB0A79A}.Release|Any CPU.Build.0 = Release|Any CPU
		{71097FBD-7941-434A-923C-485290A7F429}.Debug|Any CPU.ActiveCfg = Debug|Any CPU
		{71097FBD-7941-434A-923C-485290A7F429}.Debug|Any CPU.Build.0 = Debug|Any CPU
		{71097FBD-7941-434A-923C-485290A7F429}.Release|Any CPU.ActiveCfg = Release|Any CPU
		{71097FBD-7941-434A-923C-485290A7F429}.Release|Any CPU.Build.0 = Release|Any CPU
		{73BDD71D-9BB1-4AAF-BEC1-9DF11AB61ED8}.Debug|Any CPU.ActiveCfg = Debug|Any CPU
		{73BDD71D-9BB1-4AAF-BEC1-9DF11AB61ED8}.Debug|Any CPU.Build.0 = Debug|Any CPU
		{73BDD71D-9BB1-4AAF-BEC1-9DF11AB61ED8}.Release|Any CPU.ActiveCfg = Release|Any CPU
		{73BDD71D-9BB1-4AAF-BEC1-9DF11AB61ED8}.Release|Any CPU.Build.0 = Release|Any CPU
		{5994F39D-92E7-4FE7-8238-0CEAEDD222C1}.Debug|Any CPU.ActiveCfg = Debug|Any CPU
		{5994F39D-92E7-4FE7-8238-0CEAEDD222C1}.Debug|Any CPU.Build.0 = Debug|Any CPU
		{5994F39D-92E7-4FE7-8238-0CEAEDD222C1}.Release|Any CPU.ActiveCfg = Release|Any CPU
		{5994F39D-92E7-4FE7-8238-0CEAEDD222C1}.Release|Any CPU.Build.0 = Release|Any CPU
		{856C4E2D-DBD6-4425-ADF3-C9B7AC1B265C}.Debug|Any CPU.ActiveCfg = Debug|Any CPU
		{856C4E2D-DBD6-4425-ADF3-C9B7AC1B265C}.Debug|Any CPU.Build.0 = Debug|Any CPU
		{856C4E2D-DBD6-4425-ADF3-C9B7AC1B265C}.Release|Any CPU.ActiveCfg = Release|Any CPU
		{856C4E2D-DBD6-4425-ADF3-C9B7AC1B265C}.Release|Any CPU.Build.0 = Release|Any CPU
	EndGlobalSection
	GlobalSection(SolutionProperties) = preSolution
		HideSolutionNode = FALSE
	EndGlobalSection
	GlobalSection(NestedProjects) = preSolution
		{554AD327-6DBA-4F8F-96F8-81CE7A0C863F} = {EC451020-C7E0-44F1-93A0-9E95F3CE8701}
		{1A94A50E-06DC-43C1-80B5-B662820EC3EB} = {6D8D566B-FB02-465B-B4DF-D4560F4B13EA}
		{C956DD76-69C8-4A9C-83EA-D17DF83340FD} = {4A38D412-1161-4AE1-A77E-633E071E6E66}
		{50B2631D-129C-47B3-A587-029CCD6099BC} = {7CBEFA50-7913-418B-B3CE-FF27453E49CD}
		{42F719ED-8413-4895-B5B4-5AB56079BC66} = {EC451020-C7E0-44F1-93A0-9E95F3CE8701}
		{520659C8-C734-4298-A3DA-B539DB9DFC0B} = {6D8D566B-FB02-465B-B4DF-D4560F4B13EA}
		{4164BDF7-F527-4E85-9CE6-E3C2D7426A27} = {6D8D566B-FB02-465B-B4DF-D4560F4B13EA}
		{3B5A0094-670D-4BB1-BFDD-61B88A8773DC} = {6D8D566B-FB02-465B-B4DF-D4560F4B13EA}
		{073C361E-B8F4-49F5-93CC-72A3FF49C026} = {9672976F-0DE4-4925-8253-ED765E1D6D68}
		{E6D5BF0E-DE92-4D82-A352-EF04B37CB11C} = {6D8D566B-FB02-465B-B4DF-D4560F4B13EA}
		{1FE30EB9-74A9-47F5-A9F6-7B1FAB672D81} = {50309562-1230-46E2-B6AC-E439D3AB5FE6}
		{91853F21-9CD9-4132-BC29-A7D5D84FFFE7} = {50309562-1230-46E2-B6AC-E439D3AB5FE6}
		{E512F4D9-9375-480F-A2F6-A46509F9D824} = {7CBEFA50-7913-418B-B3CE-FF27453E49CD}
		{EF480016-9127-4916-8735-D2466BDBC582} = {50309562-1230-46E2-B6AC-E439D3AB5FE6}
		{AA94D832-1CCC-4715-95A9-A483F23A1A5D} = {4A38D412-1161-4AE1-A77E-633E071E6E66}
		{3FDB5176-5411-4894-8FD6-0D88AE3B6054} = {CA9AC87F-097E-4F15-8393-4BC07735A5B0}
		{4600106F-8BC9-4775-A49F-CC3A9A474A38} = {CA9AC87F-097E-4F15-8393-4BC07735A5B0}
		{EC451020-C7E0-44F1-93A0-9E95F3CE8701} = {4600106F-8BC9-4775-A49F-CC3A9A474A38}
		{4A38D412-1161-4AE1-A77E-633E071E6E66} = {4600106F-8BC9-4775-A49F-CC3A9A474A38}
		{9672976F-0DE4-4925-8253-ED765E1D6D68} = {CA9AC87F-097E-4F15-8393-4BC07735A5B0}
		{6D8D566B-FB02-465B-B4DF-D4560F4B13EA} = {CA9AC87F-097E-4F15-8393-4BC07735A5B0}
		{1E55B7D5-EB5E-401D-87B0-830C87DE2E5B} = {3FDB5176-5411-4894-8FD6-0D88AE3B6054}
		{E2F06B5F-E063-46B2-B3A0-79C1856CEEB7} = {3FDB5176-5411-4894-8FD6-0D88AE3B6054}
		{EE7C7F0A-BC35-49AE-8749-AB343CB0A79A} = {3FDB5176-5411-4894-8FD6-0D88AE3B6054}
		{71097FBD-7941-434A-923C-485290A7F429} = {3FDB5176-5411-4894-8FD6-0D88AE3B6054}
		{73BDD71D-9BB1-4AAF-BEC1-9DF11AB61ED8} = {3FDB5176-5411-4894-8FD6-0D88AE3B6054}
		{7CBEFA50-7913-418B-B3CE-FF27453E49CD} = {04DBDB01-70F4-4E06-B468-8F87850B22BE}
		{9E320A15-080A-4DDD-AF4C-CE03B1BBB7B2} = {04DBDB01-70F4-4E06-B468-8F87850B22BE}
		{5994F39D-92E7-4FE7-8238-0CEAEDD222C1} = {9E320A15-080A-4DDD-AF4C-CE03B1BBB7B2}
		{856C4E2D-DBD6-4425-ADF3-C9B7AC1B265C} = {9E320A15-080A-4DDD-AF4C-CE03B1BBB7B2}
		{50309562-1230-46E2-B6AC-E439D3AB5FE6} = {04DBDB01-70F4-4E06-B468-8F87850B22BE}
	EndGlobalSection
	GlobalSection(ExtensibilityGlobals) = postSolution
		SolutionGuid = {28315BFD-90E7-4E14-A2EA-F3D23AF4126F}
	EndGlobalSection
EndGlobal
